// !$*UTF8*$!
{
	archiveVersion = 1;
	classes = {
	};
	objectVersion = 50;
	objects = {

/* Begin PBXBuildFile section */
		B5FDA46F22D453D800A43FCD /* AppDelegate.swift in Sources */ = {isa = PBXBuildFile; fileRef = B5FDA46E22D453D800A43FCD /* AppDelegate.swift */; };
		B5FDA47122D453D800A43FCD /* MapViewController.swift in Sources */ = {isa = PBXBuildFile; fileRef = B5FDA47022D453D800A43FCD /* MapViewController.swift */; };
		B5FDA47422D453D800A43FCD /* Main.storyboard in Resources */ = {isa = PBXBuildFile; fileRef = B5FDA47222D453D800A43FCD /* Main.storyboard */; };
		B5FDA47622D453E300A43FCD /* Assets.xcassets in Resources */ = {isa = PBXBuildFile; fileRef = B5FDA47522D453E300A43FCD /* Assets.xcassets */; };
		B5FDA47922D453E300A43FCD /* LaunchScreen.storyboard in Resources */ = {isa = PBXBuildFile; fileRef = B5FDA47722D453E300A43FCD /* LaunchScreen.storyboard */; };
		B5FDA48422D453E300A43FCD /* FlashScooterChallengeTests.swift in Sources */ = {isa = PBXBuildFile; fileRef = B5FDA48322D453E300A43FCD /* FlashScooterChallengeTests.swift */; };
		B5FDA49522D4576500A43FCD /* MapViewController+MKMapViewDelegate.swift in Sources */ = {isa = PBXBuildFile; fileRef = B5FDA49422D4576500A43FCD /* MapViewController+MKMapViewDelegate.swift */; };
		B5FDA49722D457AE00A43FCD /* MapViewModel.swift in Sources */ = {isa = PBXBuildFile; fileRef = B5FDA49622D457AE00A43FCD /* MapViewModel.swift */; };
		B5FDA49A22D458A400A43FCD /* NetworkManager.swift in Sources */ = {isa = PBXBuildFile; fileRef = B5FDA49922D458A400A43FCD /* NetworkManager.swift */; };
		B5FDA49D22D458DB00A43FCD /* Vehicle.swift in Sources */ = {isa = PBXBuildFile; fileRef = B5FDA49C22D458DB00A43FCD /* Vehicle.swift */; };
		B5FDA4A022D461EB00A43FCD /* ScooterDetailViewController.swift in Sources */ = {isa = PBXBuildFile; fileRef = B5FDA49F22D461EB00A43FCD /* ScooterDetailViewController.swift */; };
		B5FDA4A622D470BB00A43FCD /* Extensions.swift in Sources */ = {isa = PBXBuildFile; fileRef = B5FDA4A522D470BB00A43FCD /* Extensions.swift */; };
/* End PBXBuildFile section */

/* Begin PBXContainerItemProxy section */
		B5FDA48022D453E300A43FCD /* PBXContainerItemProxy */ = {
			isa = PBXContainerItemProxy;
			containerPortal = B5FDA46322D453D800A43FCD /* Project object */;
			proxyType = 1;
			remoteGlobalIDString = B5FDA46A22D453D800A43FCD;
			remoteInfo = FlashScooterChallenge;
		};
/* End PBXContainerItemProxy section */

/* Begin PBXFileReference section */
		B5FDA46B22D453D800A43FCD /* FlashScooterChallenge.app */ = {isa = PBXFileReference; explicitFileType = wrapper.application; includeInIndex = 0; path = FlashScooterChallenge.app; sourceTree = BUILT_PRODUCTS_DIR; };
		B5FDA46E22D453D800A43FCD /* AppDelegate.swift */ = {isa = PBXFileReference; lastKnownFileType = sourcecode.swift; path = AppDelegate.swift; sourceTree = "<group>"; };
		B5FDA47022D453D800A43FCD /* MapViewController.swift */ = {isa = PBXFileReference; lastKnownFileType = sourcecode.swift; path = MapViewController.swift; sourceTree = "<group>"; };
		B5FDA47322D453D800A43FCD /* Base */ = {isa = PBXFileReference; lastKnownFileType = file.storyboard; name = Base; path = Base.lproj/Main.storyboard; sourceTree = "<group>"; };
		B5FDA47522D453E300A43FCD /* Assets.xcassets */ = {isa = PBXFileReference; lastKnownFileType = folder.assetcatalog; path = Assets.xcassets; sourceTree = "<group>"; };
		B5FDA47822D453E300A43FCD /* Base */ = {isa = PBXFileReference; lastKnownFileType = file.storyboard; name = Base; path = Base.lproj/LaunchScreen.storyboard; sourceTree = "<group>"; };
		B5FDA47A22D453E300A43FCD /* Info.plist */ = {isa = PBXFileReference; lastKnownFileType = text.plist.xml; path = Info.plist; sourceTree = "<group>"; };
		B5FDA47F22D453E300A43FCD /* FlashScooterChallengeTests.xctest */ = {isa = PBXFileReference; explicitFileType = wrapper.cfbundle; includeInIndex = 0; path = FlashScooterChallengeTests.xctest; sourceTree = BUILT_PRODUCTS_DIR; };
		B5FDA48322D453E300A43FCD /* FlashScooterChallengeTests.swift */ = {isa = PBXFileReference; lastKnownFileType = sourcecode.swift; path = FlashScooterChallengeTests.swift; sourceTree = "<group>"; };
		B5FDA48522D453E300A43FCD /* Info.plist */ = {isa = PBXFileReference; lastKnownFileType = text.plist.xml; path = Info.plist; sourceTree = "<group>"; };
		B5FDA49422D4576500A43FCD /* MapViewController+MKMapViewDelegate.swift */ = {isa = PBXFileReference; lastKnownFileType = sourcecode.swift; path = "MapViewController+MKMapViewDelegate.swift"; sourceTree = "<group>"; };
		B5FDA49622D457AE00A43FCD /* MapViewModel.swift */ = {isa = PBXFileReference; lastKnownFileType = sourcecode.swift; path = MapViewModel.swift; sourceTree = "<group>"; };
		B5FDA49922D458A400A43FCD /* NetworkManager.swift */ = {isa = PBXFileReference; fileEncoding = 4; lastKnownFileType = sourcecode.swift; path = NetworkManager.swift; sourceTree = "<group>"; };
		B5FDA49C22D458DB00A43FCD /* Vehicle.swift */ = {isa = PBXFileReference; lastKnownFileType = sourcecode.swift; path = Vehicle.swift; sourceTree = "<group>"; };
		B5FDA49F22D461EB00A43FCD /* ScooterDetailViewController.swift */ = {isa = PBXFileReference; fileEncoding = 4; lastKnownFileType = sourcecode.swift; path = ScooterDetailViewController.swift; sourceTree = "<group>"; };
		B5FDA4A522D470BB00A43FCD /* Extensions.swift */ = {isa = PBXFileReference; lastKnownFileType = sourcecode.swift; path = Extensions.swift; sourceTree = "<group>"; };
/* End PBXFileReference section */

/* Begin PBXFrameworksBuildPhase section */
		B5FDA46822D453D800A43FCD /* Frameworks */ = {
			isa = PBXFrameworksBuildPhase;
			buildActionMask = 2147483647;
			files = (
			);
			runOnlyForDeploymentPostprocessing = 0;
		};
		B5FDA47C22D453E300A43FCD /* Frameworks */ = {
			isa = PBXFrameworksBuildPhase;
			buildActionMask = 2147483647;
			files = (
			);
			runOnlyForDeploymentPostprocessing = 0;
		};
/* End PBXFrameworksBuildPhase section */

/* Begin PBXGroup section */
		B5FDA46222D453D800A43FCD = {
			isa = PBXGroup;
			children = (
				B5FDA46D22D453D800A43FCD /* FlashScooterChallenge */,
				B5FDA48222D453E300A43FCD /* FlashScooterChallengeTests */,
				B5FDA46C22D453D800A43FCD /* Products */,
			);
			sourceTree = "<group>";
		};
		B5FDA46C22D453D800A43FCD /* Products */ = {
			isa = PBXGroup;
			children = (
				B5FDA46B22D453D800A43FCD /* FlashScooterChallenge.app */,
				B5FDA47F22D453E300A43FCD /* FlashScooterChallengeTests.xctest */,
			);
			name = Products;
			sourceTree = "<group>";
		};
		B5FDA46D22D453D800A43FCD /* FlashScooterChallenge */ = {
			isa = PBXGroup;
			children = (
				B5FDA48E22D4545D00A43FCD /* AppDelegate */,
				B5FDA49322D454D600A43FCD /* Map */,
				B5FDA49E22D461C000A43FCD /* ScooterDetail */,
				B5FDA49822D458A400A43FCD /* NetworkManager */,
				B5FDA4A422D470A600A43FCD /* Common */,
				B5FDA47222D453D800A43FCD /* Main.storyboard */,
				B5FDA47522D453E300A43FCD /* Assets.xcassets */,
				B5FDA47722D453E300A43FCD /* LaunchScreen.storyboard */,
				B5FDA47A22D453E300A43FCD /* Info.plist */,
			);
			path = FlashScooterChallenge;
			sourceTree = "<group>";
		};
		B5FDA48222D453E300A43FCD /* FlashScooterChallengeTests */ = {
			isa = PBXGroup;
			children = (
				B5FDA48322D453E300A43FCD /* FlashScooterChallengeTests.swift */,
				B5FDA48522D453E300A43FCD /* Info.plist */,
			);
			path = FlashScooterChallengeTests;
			sourceTree = "<group>";
		};
		B5FDA48E22D4545D00A43FCD /* AppDelegate */ = {
			isa = PBXGroup;
			children = (
				B5FDA46E22D453D800A43FCD /* AppDelegate.swift */,
			);
			path = AppDelegate;
			sourceTree = "<group>";
		};
		B5FDA49022D4549600A43FCD /* View */ = {
			isa = PBXGroup;
			children = (
				B5FDA47022D453D800A43FCD /* MapViewController.swift */,
				B5FDA49422D4576500A43FCD /* MapViewController+MKMapViewDelegate.swift */,
			);
			path = View;
			sourceTree = "<group>";
		};
		B5FDA49222D454B500A43FCD /* ViewModel */ = {
			isa = PBXGroup;
			children = (
				B5FDA49622D457AE00A43FCD /* MapViewModel.swift */,
			);
			path = ViewModel;
			sourceTree = "<group>";
		};
		B5FDA49322D454D600A43FCD /* Map */ = {
			isa = PBXGroup;
			children = (
				B5FDA49B22D458B700A43FCD /* Model */,
				B5FDA49222D454B500A43FCD /* ViewModel */,
				B5FDA49022D4549600A43FCD /* View */,
			);
			path = Map;
			sourceTree = "<group>";
		};
		B5FDA49822D458A400A43FCD /* NetworkManager */ = {
			isa = PBXGroup;
			children = (
				B5FDA49922D458A400A43FCD /* NetworkManager.swift */,
			);
			path = NetworkManager;
			sourceTree = "<group>";
		};
		B5FDA49B22D458B700A43FCD /* Model */ = {
			isa = PBXGroup;
			children = (
				B5FDA49C22D458DB00A43FCD /* Vehicle.swift */,
			);
			path = Model;
			sourceTree = "<group>";
		};
		B5FDA49E22D461C000A43FCD /* ScooterDetail */ = {
			isa = PBXGroup;
			children = (
				B5FDA4A922D48B3A00A43FCD /* ViewModel */,
				B5FDA4A222D461F300A43FCD /* View */,
			);
			path = ScooterDetail;
			sourceTree = "<group>";
		};
		B5FDA4A222D461F300A43FCD /* View */ = {
			isa = PBXGroup;
			children = (
				B5FDA49F22D461EB00A43FCD /* ScooterDetailViewController.swift */,
			);
			path = View;
			sourceTree = "<group>";
		};
		B5FDA4A422D470A600A43FCD /* Common */ = {
			isa = PBXGroup;
			children = (
				B5FDA4A522D470BB00A43FCD /* Extensions.swift */,
			);
			path = Common;
			sourceTree = "<group>";
		};
		B5FDA4A922D48B3A00A43FCD /* ViewModel */ = {
			isa = PBXGroup;
			children = (
			);
			path = ViewModel;
			sourceTree = "<group>";
		};
/* End PBXGroup section */

/* Begin PBXNativeTarget section */
		B5FDA46A22D453D800A43FCD /* FlashScooterChallenge */ = {
			isa = PBXNativeTarget;
			buildConfigurationList = B5FDA48822D453E300A43FCD /* Build configuration list for PBXNativeTarget "FlashScooterChallenge" */;
			buildPhases = (
				B5FDA46722D453D800A43FCD /* Sources */,
				B5FDA46822D453D800A43FCD /* Frameworks */,
				B5FDA46922D453D800A43FCD /* Resources */,
			);
			buildRules = (
			);
			dependencies = (
			);
			name = FlashScooterChallenge;
			productName = FlashScooterChallenge;
			productReference = B5FDA46B22D453D800A43FCD /* FlashScooterChallenge.app */;
			productType = "com.apple.product-type.application";
		};
		B5FDA47E22D453E300A43FCD /* FlashScooterChallengeTests */ = {
			isa = PBXNativeTarget;
			buildConfigurationList = B5FDA48B22D453E300A43FCD /* Build configuration list for PBXNativeTarget "FlashScooterChallengeTests" */;
			buildPhases = (
				B5FDA47B22D453E300A43FCD /* Sources */,
				B5FDA47C22D453E300A43FCD /* Frameworks */,
				B5FDA47D22D453E300A43FCD /* Resources */,
			);
			buildRules = (
			);
			dependencies = (
				B5FDA48122D453E300A43FCD /* PBXTargetDependency */,
			);
			name = FlashScooterChallengeTests;
			productName = FlashScooterChallengeTests;
			productReference = B5FDA47F22D453E300A43FCD /* FlashScooterChallengeTests.xctest */;
			productType = "com.apple.product-type.bundle.unit-test";
		};
/* End PBXNativeTarget section */

/* Begin PBXProject section */
		B5FDA46322D453D800A43FCD /* Project object */ = {
			isa = PBXProject;
			attributes = {
				LastSwiftUpdateCheck = 1020;
				LastUpgradeCheck = 1020;
				ORGANIZATIONNAME = "Munib Siddiqui";
				TargetAttributes = {
					B5FDA46A22D453D800A43FCD = {
						CreatedOnToolsVersion = 10.2.1;
					};
					B5FDA47E22D453E300A43FCD = {
						CreatedOnToolsVersion = 10.2.1;
						TestTargetID = B5FDA46A22D453D800A43FCD;
					};
				};
			};
			buildConfigurationList = B5FDA46622D453D800A43FCD /* Build configuration list for PBXProject "FlashScooterChallenge" */;
			compatibilityVersion = "Xcode 9.3";
			developmentRegion = en;
			hasScannedForEncodings = 0;
			knownRegions = (
				en,
				Base,
			);
			mainGroup = B5FDA46222D453D800A43FCD;
			productRefGroup = B5FDA46C22D453D800A43FCD /* Products */;
			projectDirPath = "";
			projectRoot = "";
			targets = (
				B5FDA46A22D453D800A43FCD /* FlashScooterChallenge */,
				B5FDA47E22D453E300A43FCD /* FlashScooterChallengeTests */,
			);
		};
/* End PBXProject section */

/* Begin PBXResourcesBuildPhase section */
		B5FDA46922D453D800A43FCD /* Resources */ = {
			isa = PBXResourcesBuildPhase;
			buildActionMask = 2147483647;
			files = (
				B5FDA47922D453E300A43FCD /* LaunchScreen.storyboard in Resources */,
				B5FDA47622D453E300A43FCD /* Assets.xcassets in Resources */,
				B5FDA47422D453D800A43FCD /* Main.storyboard in Resources */,
			);
			runOnlyForDeploymentPostprocessing = 0;
		};
		B5FDA47D22D453E300A43FCD /* Resources */ = {
			isa = PBXResourcesBuildPhase;
			buildActionMask = 2147483647;
			files = (
			);
			runOnlyForDeploymentPostprocessing = 0;
		};
/* End PBXResourcesBuildPhase section */

/* Begin PBXSourcesBuildPhase section */
		B5FDA46722D453D800A43FCD /* Sources */ = {
			isa = PBXSourcesBuildPhase;
			buildActionMask = 2147483647;
			files = (
				B5FDA49D22D458DB00A43FCD /* Vehicle.swift in Sources */,
				B5FDA4A022D461EB00A43FCD /* ScooterDetailViewController.swift in Sources */,
				B5FDA47122D453D800A43FCD /* MapViewController.swift in Sources */,
				B5FDA4A622D470BB00A43FCD /* Extensions.swift in Sources */,
				B5FDA49522D4576500A43FCD /* MapViewController+MKMapViewDelegate.swift in Sources */,
				B5FDA49A22D458A400A43FCD /* NetworkManager.swift in Sources */,
				B5FDA46F22D453D800A43FCD /* AppDelegate.swift in Sources */,
				B5FDA49722D457AE00A43FCD /* MapViewModel.swift in Sources */,
			);
			runOnlyForDeploymentPostprocessing = 0;
		};
		B5FDA47B22D453E300A43FCD /* Sources */ = {
			isa = PBXSourcesBuildPhase;
			buildActionMask = 2147483647;
			files = (
				B5FDA48422D453E300A43FCD /* FlashScooterChallengeTests.swift in Sources */,
			);
			runOnlyForDeploymentPostprocessing = 0;
		};
/* End PBXSourcesBuildPhase section */

/* Begin PBXTargetDependency section */
		B5FDA48122D453E300A43FCD /* PBXTargetDependency */ = {
			isa = PBXTargetDependency;
			target = B5FDA46A22D453D800A43FCD /* FlashScooterChallenge */;
			targetProxy = B5FDA48022D453E300A43FCD /* PBXContainerItemProxy */;
		};
/* End PBXTargetDependency section */

/* Begin PBXVariantGroup section */
		B5FDA47222D453D800A43FCD /* Main.storyboard */ = {
			isa = PBXVariantGroup;
			children = (
				B5FDA47322D453D800A43FCD /* Base */,
			);
			name = Main.storyboard;
			sourceTree = "<group>";
		};
		B5FDA47722D453E300A43FCD /* LaunchScreen.storyboard */ = {
			isa = PBXVariantGroup;
			children = (
				B5FDA47822D453E300A43FCD /* Base */,
			);
			name = LaunchScreen.storyboard;
			sourceTree = "<group>";
		};
/* End PBXVariantGroup section */

/* Begin XCBuildConfiguration section */
		B5FDA48622D453E300A43FCD /* Debug */ = {
			isa = XCBuildConfiguration;
			buildSettings = {
				ALWAYS_SEARCH_USER_PATHS = NO;
				CLANG_ANALYZER_NONNULL = YES;
				CLANG_ANALYZER_NUMBER_OBJECT_CONVERSION = YES_AGGRESSIVE;
				CLANG_CXX_LANGUAGE_STANDARD = "gnu++14";
				CLANG_CXX_LIBRARY = "libc++";
				CLANG_ENABLE_MODULES = YES;
				CLANG_ENABLE_OBJC_ARC = YES;
				CLANG_ENABLE_OBJC_WEAK = YES;
				CLANG_WARN_BLOCK_CAPTURE_AUTORELEASING = YES;
				CLANG_WARN_BOOL_CONVERSION = YES;
				CLANG_WARN_COMMA = YES;
				CLANG_WARN_CONSTANT_CONVERSION = YES;
				CLANG_WARN_DEPRECATED_OBJC_IMPLEMENTATIONS = YES;
				CLANG_WARN_DIRECT_OBJC_ISA_USAGE = YES_ERROR;
				CLANG_WARN_DOCUMENTATION_COMMENTS = YES;
				CLANG_WARN_EMPTY_BODY = YES;
				CLANG_WARN_ENUM_CONVERSION = YES;
				CLANG_WARN_INFINITE_RECURSION = YES;
				CLANG_WARN_INT_CONVERSION = YES;
				CLANG_WARN_NON_LITERAL_NULL_CONVERSION = YES;
				CLANG_WARN_OBJC_IMPLICIT_RETAIN_SELF = YES;
				CLANG_WARN_OBJC_LITERAL_CONVERSION = YES;
				CLANG_WARN_OBJC_ROOT_CLASS = YES_ERROR;
				CLANG_WARN_RANGE_LOOP_ANALYSIS = YES;
				CLANG_WARN_STRICT_PROTOTYPES = YES;
				CLANG_WARN_SUSPICIOUS_MOVE = YES;
				CLANG_WARN_UNGUARDED_AVAILABILITY = YES_AGGRESSIVE;
				CLANG_WARN_UNREACHABLE_CODE = YES;
				CLANG_WARN__DUPLICATE_METHOD_MATCH = YES;
				CODE_SIGN_IDENTITY = "iPhone Developer";
				COPY_PHASE_STRIP = NO;
				DEBUG_INFORMATION_FORMAT = dwarf;
				ENABLE_STRICT_OBJC_MSGSEND = YES;
				ENABLE_TESTABILITY = YES;
				GCC_C_LANGUAGE_STANDARD = gnu11;
				GCC_DYNAMIC_NO_PIC = NO;
				GCC_NO_COMMON_BLOCKS = YES;
				GCC_OPTIMIZATION_LEVEL = 0;
				GCC_PREPROCESSOR_DEFINITIONS = (
					"DEBUG=1",
					"$(inherited)",
				);
				GCC_WARN_64_TO_32_BIT_CONVERSION = YES;
				GCC_WARN_ABOUT_RETURN_TYPE = YES_ERROR;
				GCC_WARN_UNDECLARED_SELECTOR = YES;
				GCC_WARN_UNINITIALIZED_AUTOS = YES_AGGRESSIVE;
				GCC_WARN_UNUSED_FUNCTION = YES;
				GCC_WARN_UNUSED_VARIABLE = YES;
				IPHONEOS_DEPLOYMENT_TARGET = 12.2;
				MTL_ENABLE_DEBUG_INFO = INCLUDE_SOURCE;
				MTL_FAST_MATH = YES;
				ONLY_ACTIVE_ARCH = YES;
				SDKROOT = iphoneos;
				SWIFT_ACTIVE_COMPILATION_CONDITIONS = DEBUG;
				SWIFT_OPTIMIZATION_LEVEL = "-Onone";
			};
			name = Debug;
		};
		B5FDA48722D453E300A43FCD /* Release */ = {
			isa = XCBuildConfiguration;
			buildSettings = {
				ALWAYS_SEARCH_USER_PATHS = NO;
				CLANG_ANALYZER_NONNULL = YES;
				CLANG_ANALYZER_NUMBER_OBJECT_CONVERSION = YES_AGGRESSIVE;
				CLANG_CXX_LANGUAGE_STANDARD = "gnu++14";
				CLANG_CXX_LIBRARY = "libc++";
				CLANG_ENABLE_MODULES = YES;
				CLANG_ENABLE_OBJC_ARC = YES;
				CLANG_ENABLE_OBJC_WEAK = YES;
				CLANG_WARN_BLOCK_CAPTURE_AUTORELEASING = YES;
				CLANG_WARN_BOOL_CONVERSION = YES;
				CLANG_WARN_COMMA = YES;
				CLANG_WARN_CONSTANT_CONVERSION = YES;
				CLANG_WARN_DEPRECATED_OBJC_IMPLEMENTATIONS = YES;
				CLANG_WARN_DIRECT_OBJC_ISA_USAGE = YES_ERROR;
				CLANG_WARN_DOCUMENTATION_COMMENTS = YES;
				CLANG_WARN_EMPTY_BODY = YES;
				CLANG_WARN_ENUM_CONVERSION = YES;
				CLANG_WARN_INFINITE_RECURSION = YES;
				CLANG_WARN_INT_CONVERSION = YES;
				CLANG_WARN_NON_LITERAL_NULL_CONVERSION = YES;
				CLANG_WARN_OBJC_IMPLICIT_RETAIN_SELF = YES;
				CLANG_WARN_OBJC_LITERAL_CONVERSION = YES;
				CLANG_WARN_OBJC_ROOT_CLASS = YES_ERROR;
				CLANG_WARN_RANGE_LOOP_ANALYSIS = YES;
				CLANG_WARN_STRICT_PROTOTYPES = YES;
				CLANG_WARN_SUSPICIOUS_MOVE = YES;
				CLANG_WARN_UNGUARDED_AVAILABILITY = YES_AGGRESSIVE;
				CLANG_WARN_UNREACHABLE_CODE = YES;
				CLANG_WARN__DUPLICATE_METHOD_MATCH = YES;
				CODE_SIGN_IDENTITY = "iPhone Developer";
				COPY_PHASE_STRIP = NO;
				DEBUG_INFORMATION_FORMAT = "dwarf-with-dsym";
				ENABLE_NS_ASSERTIONS = NO;
				ENABLE_STRICT_OBJC_MSGSEND = YES;
				GCC_C_LANGUAGE_STANDARD = gnu11;
				GCC_NO_COMMON_BLOCKS = YES;
				GCC_WARN_64_TO_32_BIT_CONVERSION = YES;
				GCC_WARN_ABOUT_RETURN_TYPE = YES_ERROR;
				GCC_WARN_UNDECLARED_SELECTOR = YES;
				GCC_WARN_UNINITIALIZED_AUTOS = YES_AGGRESSIVE;
				GCC_WARN_UNUSED_FUNCTION = YES;
				GCC_WARN_UNUSED_VARIABLE = YES;
				IPHONEOS_DEPLOYMENT_TARGET = 12.2;
				MTL_ENABLE_DEBUG_INFO = NO;
				MTL_FAST_MATH = YES;
				SDKROOT = iphoneos;
				SWIFT_COMPILATION_MODE = wholemodule;
				SWIFT_OPTIMIZATION_LEVEL = "-O";
				VALIDATE_PRODUCT = YES;
			};
			name = Release;
		};
		B5FDA48922D453E300A43FCD /* Debug */ = {
			isa = XCBuildConfiguration;
			buildSettings = {
				ASSETCATALOG_COMPILER_APPICON_NAME = AppIcon;
				CODE_SIGN_STYLE = Automatic;
				INFOPLIST_FILE = FlashScooterChallenge/Info.plist;
				LD_RUNPATH_SEARCH_PATHS = (
					"$(inherited)",
					"@executable_path/Frameworks",
				);
				PRODUCT_BUNDLE_IDENTIFIER = com.goFlash.FlashScooterChallenge;
				PRODUCT_NAME = "$(TARGET_NAME)";
				SWIFT_VERSION = 5.0;
				TARGETED_DEVICE_FAMILY = "1,2";
			};
			name = Debug;
		};
		B5FDA48A22D453E300A43FCD /* Release */ = {
			isa = XCBuildConfiguration;
			buildSettings = {
				ASSETCATALOG_COMPILER_APPICON_NAME = AppIcon;
				CODE_SIGN_STYLE = Automatic;
				INFOPLIST_FILE = FlashScooterChallenge/Info.plist;
				LD_RUNPATH_SEARCH_PATHS = (
					"$(inherited)",
					"@executable_path/Frameworks",
				);
				PRODUCT_BUNDLE_IDENTIFIER = com.goFlash.FlashScooterChallenge;
				PRODUCT_NAME = "$(TARGET_NAME)";
				SWIFT_VERSION = 5.0;
				TARGETED_DEVICE_FAMILY = "1,2";
			};
			name = Release;
		};
		B5FDA48C22D453E300A43FCD /* Debug */ = {
			isa = XCBuildConfiguration;
			buildSettings = {
				ALWAYS_EMBED_SWIFT_STANDARD_LIBRARIES = YES;
				BUNDLE_LOADER = "$(TEST_HOST)";
				CODE_SIGN_STYLE = Automatic;
				INFOPLIST_FILE = FlashScooterChallengeTests/Info.plist;
				LD_RUNPATH_SEARCH_PATHS = (
					"$(inherited)",
					"@executable_path/Frameworks",
					"@loader_path/Frameworks",
				);
				PRODUCT_BUNDLE_IDENTIFIER = com.goFlash.FlashScooterChallengeTests;
				PRODUCT_NAME = "$(TARGET_NAME)";
				SWIFT_VERSION = 5.0;
				TARGETED_DEVICE_FAMILY = "1,2";
				TEST_HOST = "$(BUILT_PRODUCTS_DIR)/FlashScooterChallenge.app/FlashScooterChallenge";
			};
			name = Debug;
		};
		B5FDA48D22D453E300A43FCD /* Release */ = {
			isa = XCBuildConfiguration;
			buildSettings = {
				ALWAYS_EMBED_SWIFT_STANDARD_LIBRARIES = YES;
				BUNDLE_LOADER = "$(TEST_HOST)";
				CODE_SIGN_STYLE = Automatic;
				INFOPLIST_FILE = FlashScooterChallengeTests/Info.plist;
				LD_RUNPATH_SEARCH_PATHS = (
					"$(inherited)",
					"@executable_path/Frameworks",
					"@loader_path/Frameworks",
				);
				PRODUCT_BUNDLE_IDENTIFIER = com.goFlash.FlashScooterChallengeTests;
				PRODUCT_NAME = "$(TARGET_NAME)";
				SWIFT_VERSION = 5.0;
				TARGETED_DEVICE_FAMILY = "1,2";
				TEST_HOST = "$(BUILT_PRODUCTS_DIR)/FlashScooterChallenge.app/FlashScooterChallenge";
			};
			name = Release;
		};
/* End XCBuildConfiguration section */

/* Begin XCConfigurationList section */
		B5FDA46622D453D800A43FCD /* Build configuration list for PBXProject "FlashScooterChallenge" */ = {
			isa = XCConfigurationList;
			buildConfigurations = (
				B5FDA48622D453E300A43FCD /* Debug */,
				B5FDA48722D453E300A43FCD /* Release */,
			);
			defaultConfigurationIsVisible = 0;
			defaultConfigurationName = Release;
		};
		B5FDA48822D453E300A43FCD /* Build configuration list for PBXNativeTarget "FlashScooterChallenge" */ = {
			isa = XCConfigurationList;
			buildConfigurations = (
				B5FDA48922D453E300A43FCD /* Debug */,
				B5FDA48A22D453E300A43FCD /* Release */,
			);
			defaultConfigurationIsVisible = 0;
			defaultConfigurationName = Release;
		};
		B5FDA48B22D453E300A43FCD /* Build configuration list for PBXNativeTarget "FlashScooterChallengeTests" */ = {
			isa = XCConfigurationList;
			buildConfigurations = (
				B5FDA48C22D453E300A43FCD /* Debug */,
				B5FDA48D22D453E300A43FCD /* Release */,
			);
			defaultConfigurationIsVisible = 0;
			defaultConfigurationName = Release;
		};
/* End XCConfigurationList section */
	};
	rootObject = B5FDA46322D453D800A43FCD /* Project object */;
}
